// !$*UTF8*$!
{
	archiveVersion = 1;
	classes = {
	};
	objectVersion = 46;
	objects = {

/* Begin PBXBuildFile section */
		016356D2130360D000B61ADA /* Foundation.framework in Frameworks */ = {isa = PBXBuildFile; fileRef = 016356D1130360D000B61ADA /* Foundation.framework */; };
		016356DA130360DB00B61ADA /* SCAudioStreamDataFetcher.m in Sources */ = {isa = PBXBuildFile; fileRef = 940AAEC710A0397D0026C8BB /* SCAudioStreamDataFetcher.m */; };
		016356DC130360DB00B61ADA /* SCAudioStream.m in Sources */ = {isa = PBXBuildFile; fileRef = 940AAEB310A038D00026C8BB /* SCAudioStream.m */; };
		016356DE130360DB00B61ADA /* SCAudioBufferQueue.m in Sources */ = {isa = PBXBuildFile; fileRef = 940AAEB510A038D00026C8BB /* SCAudioBufferQueue.m */; };
		016356E0130360DB00B61ADA /* SCAudioFileStreamParser.m in Sources */ = {isa = PBXBuildFile; fileRef = 940AAEB710A038D00026C8BB /* SCAudioFileStreamParser.m */; };
		016356E2130360DB00B61ADA /* SCAudioStreamPacketDescriptions.m in Sources */ = {isa = PBXBuildFile; fileRef = 940AAEB910A038D00026C8BB /* SCAudioStreamPacketDescriptions.m */; };
		016356E3130360EC00B61ADA /* SCAudioStream.h in Headers */ = {isa = PBXBuildFile; fileRef = 940AAEB210A038D00026C8BB /* SCAudioStream.h */; settings = {ATTRIBUTES = (Public, ); }; };
		94A03CBB10A2E43600F3ED93 /* main.m in Sources */ = {isa = PBXBuildFile; fileRef = 94A03CBA10A2E43600F3ED93 /* main.m */; };
		94A03D1610A2E4E200F3ED93 /* MainWindow.xib in Resources */ = {isa = PBXBuildFile; fileRef = 94A03D1510A2E4E200F3ED93 /* MainWindow.xib */; };
		94A03D1A10A2E4FE00F3ED93 /* SCDemoAppDelegate.m in Sources */ = {isa = PBXBuildFile; fileRef = 94A03D1910A2E4FE00F3ED93 /* SCDemoAppDelegate.m */; };
		94A03DA310A2EC0400F3ED93 /* AudioToolbox.framework in Frameworks */ = {isa = PBXBuildFile; fileRef = 94A03DA210A2EC0400F3ED93 /* AudioToolbox.framework */; };
/* End PBXBuildFile section */

/* Begin PBXFileReference section */
		016356D0130360D000B61ADA /* libSCAudioStream.a */ = {isa = PBXFileReference; explicitFileType = archive.ar; includeInIndex = 0; path = libSCAudioStream.a; sourceTree = BUILT_PRODUCTS_DIR; };
		016356D1130360D000B61ADA /* Foundation.framework */ = {isa = PBXFileReference; lastKnownFileType = wrapper.framework; name = Foundation.framework; path = System/Library/Frameworks/Foundation.framework; sourceTree = SDKROOT; };
		016356D5130360D000B61ADA /* SCAudioStream-Prefix.pch */ = {isa = PBXFileReference; lastKnownFileType = sourcecode.c.h; path = "SCAudioStream-Prefix.pch"; sourceTree = "<group>"; };
		940AAEB210A038D00026C8BB /* SCAudioStream.h */ = {isa = PBXFileReference; fileEncoding = 4; lastKnownFileType = sourcecode.c.h; path = SCAudioStream.h; sourceTree = "<group>"; };
		940AAEB310A038D00026C8BB /* SCAudioStream.m */ = {isa = PBXFileReference; fileEncoding = 4; lastKnownFileType = sourcecode.c.objc; path = SCAudioStream.m; sourceTree = "<group>"; };
		940AAEB410A038D00026C8BB /* SCAudioBufferQueue.h */ = {isa = PBXFileReference; fileEncoding = 4; lastKnownFileType = sourcecode.c.h; path = SCAudioBufferQueue.h; sourceTree = "<group>"; };
		940AAEB510A038D00026C8BB /* SCAudioBufferQueue.m */ = {isa = PBXFileReference; fileEncoding = 4; lastKnownFileType = sourcecode.c.objc; path = SCAudioBufferQueue.m; sourceTree = "<group>"; };
		940AAEB610A038D00026C8BB /* SCAudioFileStreamParser.h */ = {isa = PBXFileReference; fileEncoding = 4; lastKnownFileType = sourcecode.c.h; path = SCAudioFileStreamParser.h; sourceTree = "<group>"; };
		940AAEB710A038D00026C8BB /* SCAudioFileStreamParser.m */ = {isa = PBXFileReference; fileEncoding = 4; lastKnownFileType = sourcecode.c.objc; path = SCAudioFileStreamParser.m; sourceTree = "<group>"; };
		940AAEB810A038D00026C8BB /* SCAudioStreamPacketDescriptions.h */ = {isa = PBXFileReference; fileEncoding = 4; lastKnownFileType = sourcecode.c.h; path = SCAudioStreamPacketDescriptions.h; sourceTree = "<group>"; };
		940AAEB910A038D00026C8BB /* SCAudioStreamPacketDescriptions.m */ = {isa = PBXFileReference; fileEncoding = 4; lastKnownFileType = sourcecode.c.objc; path = SCAudioStreamPacketDescriptions.m; sourceTree = "<group>"; };
		940AAEC610A0397D0026C8BB /* SCAudioStreamDataFetcher.h */ = {isa = PBXFileReference; fileEncoding = 4; lastKnownFileType = sourcecode.c.h; path = SCAudioStreamDataFetcher.h; sourceTree = "<group>"; };
		940AAEC710A0397D0026C8BB /* SCAudioStreamDataFetcher.m */ = {isa = PBXFileReference; fileEncoding = 4; lastKnownFileType = sourcecode.c.objc; path = SCAudioStreamDataFetcher.m; sourceTree = "<group>"; };
		94A03C3F10A2E2EC00F3ED93 /* SCAudioStream DemoApp.app */ = {isa = PBXFileReference; explicitFileType = wrapper.application; includeInIndex = 0; path = "SCAudioStream DemoApp.app"; sourceTree = BUILT_PRODUCTS_DIR; };
		94A03C4110A2E2EC00F3ED93 /* SCAudioStream DemoApp-Info.plist */ = {isa = PBXFileReference; lastKnownFileType = text.plist.xml; path = "SCAudioStream DemoApp-Info.plist"; sourceTree = "<group>"; };
		94A03CBA10A2E43600F3ED93 /* main.m */ = {isa = PBXFileReference; fileEncoding = 4; lastKnownFileType = sourcecode.c.objc; path = main.m; sourceTree = "<group>"; };
		94A03CBE10A2E45300F3ED93 /* SCAudioStream_DemoApp_Prefix.pch */ = {isa = PBXFileReference; fileEncoding = 4; lastKnownFileType = sourcecode.c.h; path = SCAudioStream_DemoApp_Prefix.pch; sourceTree = "<group>"; };
		94A03D1510A2E4E200F3ED93 /* MainWindow.xib */ = {isa = PBXFileReference; lastKnownFileType = file.xib; path = MainWindow.xib; sourceTree = "<group>"; };
		94A03D1810A2E4FE00F3ED93 /* SCDemoAppDelegate.h */ = {isa = PBXFileReference; fileEncoding = 4; lastKnownFileType = sourcecode.c.h; path = SCDemoAppDelegate.h; sourceTree = "<group>"; };
		94A03D1910A2E4FE00F3ED93 /* SCDemoAppDelegate.m */ = {isa = PBXFileReference; fileEncoding = 4; lastKnownFileType = sourcecode.c.objc; path = SCDemoAppDelegate.m; sourceTree = "<group>"; };
		94A03DA210A2EC0400F3ED93 /* AudioToolbox.framework */ = {isa = PBXFileReference; lastKnownFileType = wrapper.framework; name = AudioToolbox.framework; path = System/Library/Frameworks/AudioToolbox.framework; sourceTree = SDKROOT; };
		AA747D9E0F9514B9006C5449 /* SCAudioStream_Prefix.pch */ = {isa = PBXFileReference; fileEncoding = 4; lastKnownFileType = sourcecode.c.h; path = SCAudioStream_Prefix.pch; sourceTree = SOURCE_ROOT; };
/* End PBXFileReference section */

/* Begin PBXFrameworksBuildPhase section */
		016356CD130360D000B61ADA /* Frameworks */ = {
			isa = PBXFrameworksBuildPhase;
			buildActionMask = 2147483647;
			files = (
				016356D2130360D000B61ADA /* Foundation.framework in Frameworks */,
			);
			runOnlyForDeploymentPostprocessing = 0;
		};
		94A03C3D10A2E2EC00F3ED93 /* Frameworks */ = {
			isa = PBXFrameworksBuildPhase;
			buildActionMask = 2147483647;
			files = (
				94A03DA310A2EC0400F3ED93 /* AudioToolbox.framework in Frameworks */,
			);
			runOnlyForDeploymentPostprocessing = 0;
		};
/* End PBXFrameworksBuildPhase section */

/* Begin PBXGroup section */
		016356D3130360D000B61ADA /* SCAudioStream */ = {
			isa = PBXGroup;
			children = (
				016356D4130360D000B61ADA /* Supporting Files */,
			);
			path = SCAudioStream;
			sourceTree = "<group>";
		};
		016356D4130360D000B61ADA /* Supporting Files */ = {
			isa = PBXGroup;
			children = (
				016356D5130360D000B61ADA /* SCAudioStream-Prefix.pch */,
			);
			name = "Supporting Files";
			sourceTree = "<group>";
		};
		034768DFFF38A50411DB9C8B /* Products */ = {
			isa = PBXGroup;
			children = (
				94A03C3F10A2E2EC00F3ED93 /* SCAudioStream DemoApp.app */,
				016356D0130360D000B61ADA /* libSCAudioStream.a */,
			);
			name = Products;
			sourceTree = "<group>";
		};
		0867D691FE84028FC02AAC07 /* SCAudioStream */ = {
			isa = PBXGroup;
			children = (
				94A03C4510A2E2FA00F3ED93 /* DemoApp */,
				08FB77AEFE84172EC02AAC07 /* Classes */,
				32C88DFF0371C24200C91783 /* Other Sources */,
				016356D3130360D000B61ADA /* SCAudioStream */,
				0867D69AFE84028FC02AAC07 /* Frameworks */,
				034768DFFF38A50411DB9C8B /* Products */,
			);
			name = SCAudioStream;
			sourceTree = "<group>";
		};
		0867D69AFE84028FC02AAC07 /* Frameworks */ = {
			isa = PBXGroup;
			children = (
				94A03DA210A2EC0400F3ED93 /* AudioToolbox.framework */,
				016356D1130360D000B61ADA /* Foundation.framework */,
			);
			name = Frameworks;
			sourceTree = "<group>";
		};
		08FB77AEFE84172EC02AAC07 /* Classes */ = {
			isa = PBXGroup;
			children = (
				940AAEC610A0397D0026C8BB /* SCAudioStreamDataFetcher.h */,
				940AAEC710A0397D0026C8BB /* SCAudioStreamDataFetcher.m */,
				940AAEB210A038D00026C8BB /* SCAudioStream.h */,
				940AAEB310A038D00026C8BB /* SCAudioStream.m */,
				940AAEB410A038D00026C8BB /* SCAudioBufferQueue.h */,
				940AAEB510A038D00026C8BB /* SCAudioBufferQueue.m */,
				940AAEB610A038D00026C8BB /* SCAudioFileStreamParser.h */,
				940AAEB710A038D00026C8BB /* SCAudioFileStreamParser.m */,
				940AAEB810A038D00026C8BB /* SCAudioStreamPacketDescriptions.h */,
				940AAEB910A038D00026C8BB /* SCAudioStreamPacketDescriptions.m */,
			);
			path = Classes;
			sourceTree = "<group>";
		};
		32C88DFF0371C24200C91783 /* Other Sources */ = {
			isa = PBXGroup;
			children = (
				AA747D9E0F9514B9006C5449 /* SCAudioStream_Prefix.pch */,
			);
			name = "Other Sources";
			sourceTree = "<group>";
		};
		94A03C4510A2E2FA00F3ED93 /* DemoApp */ = {
			isa = PBXGroup;
			children = (
				94A03C4610A2E31B00F3ED93 /* Classes */,
				94A03D1310A2E4AB00F3ED93 /* Resources */,
				94A03CBE10A2E45300F3ED93 /* SCAudioStream_DemoApp_Prefix.pch */,
				94A03CBA10A2E43600F3ED93 /* main.m */,
				94A03C4110A2E2EC00F3ED93 /* SCAudioStream DemoApp-Info.plist */,
			);
			path = DemoApp;
			sourceTree = "<group>";
		};
		94A03C4610A2E31B00F3ED93 /* Classes */ = {
			isa = PBXGroup;
			children = (
				94A03D1810A2E4FE00F3ED93 /* SCDemoAppDelegate.h */,
				94A03D1910A2E4FE00F3ED93 /* SCDemoAppDelegate.m */,
			);
			path = Classes;
			sourceTree = "<group>";
		};
		94A03D1310A2E4AB00F3ED93 /* Resources */ = {
			isa = PBXGroup;
			children = (
				94A03D1510A2E4E200F3ED93 /* MainWindow.xib */,
			);
			path = Resources;
			sourceTree = "<group>";
		};
/* End PBXGroup section */

/* Begin PBXHeadersBuildPhase section */
		016356CE130360D000B61ADA /* Headers */ = {
			isa = PBXHeadersBuildPhase;
			buildActionMask = 2147483647;
			files = (
				016356E3130360EC00B61ADA /* SCAudioStream.h in Headers */,
			);
			runOnlyForDeploymentPostprocessing = 0;
		};
/* End PBXHeadersBuildPhase section */

/* Begin PBXNativeTarget section */
		016356CF130360D000B61ADA /* SCAudioStream */ = {
			isa = PBXNativeTarget;
			buildConfigurationList = 016356D6130360D000B61ADA /* Build configuration list for PBXNativeTarget "SCAudioStream" */;
			buildPhases = (
				016356CC130360D000B61ADA /* Sources */,
				016356CD130360D000B61ADA /* Frameworks */,
				016356CE130360D000B61ADA /* Headers */,
			);
			buildRules = (
			);
			dependencies = (
			);
			name = SCAudioStream;
			productName = SCAudioStream;
			productReference = 016356D0130360D000B61ADA /* libSCAudioStream.a */;
			productType = "com.apple.product-type.library.static";
		};
		94A03C3E10A2E2EC00F3ED93 /* SCAudioStream DemoApp */ = {
			isa = PBXNativeTarget;
			buildConfigurationList = 94A03C4410A2E2ED00F3ED93 /* Build configuration list for PBXNativeTarget "SCAudioStream DemoApp" */;
			buildPhases = (
				94A03C3B10A2E2EC00F3ED93 /* Resources */,
				94A03C3C10A2E2EC00F3ED93 /* Sources */,
				94A03C3D10A2E2EC00F3ED93 /* Frameworks */,
			);
			buildRules = (
			);
			dependencies = (
			);
			name = "SCAudioStream DemoApp";
			productName = "SCAudioStream DemoApp";
			productReference = 94A03C3F10A2E2EC00F3ED93 /* SCAudioStream DemoApp.app */;
			productType = "com.apple.product-type.application";
		};
/* End PBXNativeTarget section */

/* Begin PBXProject section */
		0867D690FE84028FC02AAC07 /* Project object */ = {
			isa = PBXProject;
			attributes = {
				BuildIndependentTargetsInParallel = YES;
			};
			buildConfigurationList = 1DEB922208733DC00010E9CD /* Build configuration list for PBXProject "SCAudioStream" */;
			compatibilityVersion = "Xcode 3.2";
			developmentRegion = English;
			hasScannedForEncodings = 1;
			knownRegions = (
				en,
			);
			mainGroup = 0867D691FE84028FC02AAC07 /* SCAudioStream */;
			productRefGroup = 034768DFFF38A50411DB9C8B /* Products */;
			projectDirPath = "";
			projectRoot = "";
			targets = (
				94A03C3E10A2E2EC00F3ED93 /* SCAudioStream DemoApp */,
				016356CF130360D000B61ADA /* SCAudioStream */,
			);
		};
/* End PBXProject section */

/* Begin PBXResourcesBuildPhase section */
		94A03C3B10A2E2EC00F3ED93 /* Resources */ = {
			isa = PBXResourcesBuildPhase;
			buildActionMask = 2147483647;
			files = (
				94A03D1610A2E4E200F3ED93 /* MainWindow.xib in Resources */,
			);
			runOnlyForDeploymentPostprocessing = 0;
		};
/* End PBXResourcesBuildPhase section */

/* Begin PBXSourcesBuildPhase section */
		016356CC130360D000B61ADA /* Sources */ = {
			isa = PBXSourcesBuildPhase;
			buildActionMask = 2147483647;
			files = (
				016356DA130360DB00B61ADA /* SCAudioStreamDataFetcher.m in Sources */,
				016356DC130360DB00B61ADA /* SCAudioStream.m in Sources */,
				016356DE130360DB00B61ADA /* SCAudioBufferQueue.m in Sources */,
				016356E0130360DB00B61ADA /* SCAudioFileStreamParser.m in Sources */,
				016356E2130360DB00B61ADA /* SCAudioStreamPacketDescriptions.m in Sources */,
			);
			runOnlyForDeploymentPostprocessing = 0;
		};
		94A03C3C10A2E2EC00F3ED93 /* Sources */ = {
			isa = PBXSourcesBuildPhase;
			buildActionMask = 2147483647;
			files = (
				94A03CBB10A2E43600F3ED93 /* main.m in Sources */,
				94A03D1A10A2E4FE00F3ED93 /* SCDemoAppDelegate.m in Sources */,
			);
			runOnlyForDeploymentPostprocessing = 0;
		};
/* End PBXSourcesBuildPhase section */

/* Begin XCBuildConfiguration section */
		016356D7130360D000B61ADA /* Debug */ = {
			isa = XCBuildConfiguration;
			buildSettings = {
				ALWAYS_SEARCH_USER_PATHS = NO;
				DSTROOT = /tmp/SCAudioStream.dst;
				GCC_C_LANGUAGE_STANDARD = gnu99;
				GCC_PRECOMPILE_PREFIX_HEADER = YES;
				GCC_PREFIX_HEADER = "SCAudioStream/SCAudioStream-Prefix.pch";
				GCC_PREPROCESSOR_DEFINITIONS = DEBUG;
				GCC_VERSION = com.apple.compilers.llvmgcc42;
				IPHONEOS_DEPLOYMENT_TARGET = 4.2;
				OTHER_LDFLAGS = "-ObjC";
				PRODUCT_NAME = "$(TARGET_NAME)";
				SDKROOT = iphoneos;
			};
			name = Debug;
		};
		016356D8130360D000B61ADA /* Release */ = {
			isa = XCBuildConfiguration;
			buildSettings = {
				ALWAYS_SEARCH_USER_PATHS = NO;
				DSTROOT = /tmp/SCAudioStream.dst;
				GCC_C_LANGUAGE_STANDARD = gnu99;
				GCC_PRECOMPILE_PREFIX_HEADER = YES;
				GCC_PREFIX_HEADER = "SCAudioStream/SCAudioStream-Prefix.pch";
				GCC_VERSION = com.apple.compilers.llvmgcc42;
				IPHONEOS_DEPLOYMENT_TARGET = 4.2;
				OTHER_LDFLAGS = "-ObjC";
				PRODUCT_NAME = "$(TARGET_NAME)";
				SDKROOT = iphoneos;
			};
			name = Release;
		};
		1DEB922308733DC00010E9CD /* Debug */ = {
			isa = XCBuildConfiguration;
			buildSettings = {
				ARCHS = "$(ARCHS_STANDARD_32_BIT)";
				GCC_C_LANGUAGE_STANDARD = c99;
				GCC_OPTIMIZATION_LEVEL = 0;
				GCC_WARN_ABOUT_RETURN_TYPE = YES;
				GCC_WARN_UNUSED_VARIABLE = YES;
				OTHER_LDFLAGS = "-ObjC";
				PREBINDING = NO;
			};
			name = Debug;
		};
		1DEB922408733DC00010E9CD /* Release */ = {
			isa = XCBuildConfiguration;
			buildSettings = {
				ARCHS = "$(ARCHS_STANDARD_32_BIT)";
				GCC_C_LANGUAGE_STANDARD = c99;
				GCC_WARN_ABOUT_RETURN_TYPE = YES;
				GCC_WARN_UNUSED_VARIABLE = YES;
				OTHER_LDFLAGS = "-ObjC";
				PREBINDING = NO;
				SDKROOT = iphoneos3.1;
			};
			name = Release;
		};
		94A03C4210A2E2ED00F3ED93 /* Debug */ = {
			isa = XCBuildConfiguration;
			buildSettings = {
				ALWAYS_SEARCH_USER_PATHS = NO;
				CODE_SIGN_IDENTITY = "iPhone Developer";
				COPY_PHASE_STRIP = NO;
				GCC_DYNAMIC_NO_PIC = NO;
				GCC_OPTIMIZATION_LEVEL = 0;
				GCC_PRECOMPILE_PREFIX_HEADER = YES;
				GCC_PREFIX_HEADER = DemoApp/SCAudioStream_DemoApp_Prefix.pch;
				INFOPLIST_FILE = "DemoApp/SCAudioStream DemoApp-Info.plist";
				INSTALL_PATH = "$(HOME)/Applications";
				LIBRARY_SEARCH_PATHS = "$(PROJECT_DIR)/Dist";
				OTHER_LDFLAGS = (
					"-framework",
					Foundation,
					"-framework",
					UIKit,
				);
				PREBINDING = NO;
				PRODUCT_NAME = "SCAudioStream DemoApp";
				SDKROOT = iphoneos;
			};
			name = Debug;
		};
		94A03C4310A2E2ED00F3ED93 /* Release */ = {
			isa = XCBuildConfiguration;
			buildSettings = {
				ALWAYS_SEARCH_USER_PATHS = NO;
				CODE_SIGN_IDENTITY = "iPhone Distribution";
				COPY_PHASE_STRIP = YES;
				DEBUG_INFORMATION_FORMAT = "dwarf-with-dsym";
				GCC_ENABLE_FIX_AND_CONTINUE = NO;
				GCC_PRECOMPILE_PREFIX_HEADER = YES;
				GCC_PREFIX_HEADER = DemoApp/SCAudioStream_DemoApp_Prefix.pch;
				INFOPLIST_FILE = "DemoApp/SCAudioStream DemoApp-Info.plist";
				INSTALL_PATH = "$(HOME)/Applications";
				LIBRARY_SEARCH_PATHS = "$(PROJECT_DIR)/Dist";
				OTHER_LDFLAGS = (
					"-framework",
					Foundation,
					"-framework",
					UIKit,
				);
				PREBINDING = NO;
				PRODUCT_NAME = "SCAudioStream DemoApp";
				PROVISIONING_PROFILE = "";
				SDKROOT = iphoneos;
				ZERO_LINK = NO;
			};
			name = Release;
		};
/* End XCBuildConfiguration section */

/* Begin XCConfigurationList section */
		016356D6130360D000B61ADA /* Build configuration list for PBXNativeTarget "SCAudioStream" */ = {
			isa = XCConfigurationList;
			buildConfigurations = (
				016356D7130360D000B61ADA /* Debug */,
				016356D8130360D000B61ADA /* Release */,
			);
			defaultConfigurationIsVisible = 0;
		};
		1DEB922208733DC00010E9CD /* Build configuration list for PBXProject "SCAudioStream" */ = {
			isa = XCConfigurationList;
			buildConfigurations = (
				1DEB922308733DC00010E9CD /* Debug */,
				1DEB922408733DC00010E9CD /* Release */,
			);
			defaultConfigurationIsVisible = 0;
			defaultConfigurationName = Release;
		};
		94A03C4410A2E2ED00F3ED93 /* Build configuration list for PBXNativeTarget "SCAudioStream DemoApp" */ = {
			isa = XCConfigurationList;
			buildConfigurations = (
				94A03C4210A2E2ED00F3ED93 /* Debug */,
				94A03C4310A2E2ED00F3ED93 /* Release */,
			);
			defaultConfigurationIsVisible = 0;
			defaultConfigurationName = Release;
		};
/* End XCConfigurationList section */
	};
	rootObject = 0867D690FE84028FC02AAC07 /* Project object */;
}
